{
  "name": "bugaboocustomerproject",
  "version": "1.0.0",
  "lockfileVersion": 3,
  "requires": true,
  "packages": {
    "": {
      "name": "bugaboocustomerproject",
      "version": "1.0.0",
      "license": "ISC",
      "dependencies": {
        "@fakerjs/email": "^1.0.0"
      },
      "devDependencies": {
        "@faker-js/faker": "^8.3.1",
        "@playwright/test": "^1.40.0",
        "@types/node": "^20.9.1"
      }
    },
    "node_modules/@faker-js/faker": {
      "version": "8.3.1",
      "resolved": "https://registry.npmjs.org/@faker-js/faker/-/faker-8.3.1.tgz",
      "integrity": "sha512-FdgpFxY6V6rLZE9mmIBb9hM0xpfvQOSNOLnzolzKwsE1DH+gC7lEKV1p1IbR0lAYyvYd5a4u3qWJzowUkw1bIw==",
      "dev": true,
      "funding": [
        {
          "type": "opencollective",
          "url": "https://opencollective.com/fakerjs"
        }
      ],
      "engines": {
        "node": "^14.17.0 || ^16.13.0 || >=18.0.0",
        "npm": ">=6.14.13"
      }
    },
    "node_modules/@fakerjs/domain": {
      "version": "1.1.0",
      "resolved": "https://registry.npmjs.org/@fakerjs/domain/-/domain-1.1.0.tgz",
      "integrity": "sha512-odr4j98GIpyuPYrP8nV8Q7tcSB9VYu3a0Q9Kgx112oTauS7L3TsDbmi8+x2prT6fjHAfZ/eZ5zpDEtjsPVAJsg==",
      "dependencies": {
        "@fakerjs/tld": "^1",
        "@fakerjs/word": "^1"
      },
      "engines": {
        "node": ">=12"
      }
    },
    "node_modules/@fakerjs/email": {
      "version": "1.0.0",
      "resolved": "https://registry.npmjs.org/@fakerjs/email/-/email-1.0.0.tgz",
      "integrity": "sha512-metzbdFNwkZsR5Se7OIPkpMGbkTHdCejB0Tg/Q+M0hYyQnYMyaVdZf53/hb7TMKbNM8HewTERQFPDePiABEKQg==",
      "dependencies": {
        "@fakerjs/domain": "^1",
        "@fakerjs/word": "^1"
      },
      "engines": {
        "node": ">=12"
      }
    },
    "node_modules/@fakerjs/tld": {
      "version": "1.1.0",
      "resolved": "https://registry.npmjs.org/@fakerjs/tld/-/tld-1.1.0.tgz",
      "integrity": "sha512-qsJUB6wm3+KpT+ZKhlRDB7GKh89Nt702ezEnbREtn+nSME6P4aJLygd3GnRtriVYmjokz8RSW/pABS+ft8BeZw==",
      "dependencies": {
        "load-json-file": "^7.0.1"
      },
      "engines": {
        "node": ">=12"
      }
    },
    "node_modules/@fakerjs/word": {
      "version": "1.0.1",
      "resolved": "https://registry.npmjs.org/@fakerjs/word/-/word-1.0.1.tgz",
      "integrity": "sha512-ilyTmSakl4K/osCEE5kUdyAFXxZnmh3WLXlQHKU4ytbkHLHh67f+h25JVrrD+N3Dv7D/7gQlfj/YBH+QuERJlw==",
      "engines": {
        "node": ">=12"
      }
    },
    "node_modules/@playwright/test": {
      "version": "1.40.0",
      "resolved": "https://registry.npmjs.org/@playwright/test/-/test-1.40.0.tgz",
      "integrity": "sha512-PdW+kn4eV99iP5gxWNSDQCbhMaDVej+RXL5xr6t04nbKLCBwYtA046t7ofoczHOm8u6c+45hpDKQVZqtqwkeQg==",
      "dev": true,
      "dependencies": {
        "playwright": "1.40.0"
      },
      "bin": {
        "playwright": "cli.js"
      },
      "engines": {
        "node": ">=16"
      }
    },
    "node_modules/@types/node": {
      "version": "20.9.1",
      "resolved": "https://registry.npmjs.org/@types/node/-/node-20.9.1.tgz",
      "integrity": "sha512-HhmzZh5LSJNS5O8jQKpJ/3ZcrrlG6L70hpGqMIAoM9YVD0YBRNWYsfwcXq8VnSjlNpCpgLzMXdiPo+dxcvSmiA==",
      "dev": true,
      "dependencies": {
        "undici-types": "~5.26.4"
      }
    },
    "node_modules/fsevents": {
      "version": "2.3.2",
      "resolved": "https://registry.npmjs.org/fsevents/-/fsevents-2.3.2.tgz",
      "integrity": "sha512-xiqMQR4xAeHTuB9uWm+fFRcIOgKBMiOBP+eXiyT7jsgVCq1bkVygt00oASowB7EdtpOHaaPgKt812P9ab+DDKA==",
      "dev": true,
      "hasInstallScript": true,
      "optional": true,
      "os": [
        "darwin"
      ],
      "engines": {
        "node": "^8.16.0 || ^10.6.0 || >=11.0.0"
      }
    },
    "node_modules/load-json-file": {
      "version": "7.0.1",
      "resolved": "https://registry.npmjs.org/load-json-file/-/load-json-file-7.0.1.tgz",
      "integrity": "sha512-Gnxj3ev3mB5TkVBGad0JM6dmLiQL+o0t23JPBZ9sd+yvSLk05mFoqKBw5N8gbbkU4TNXyqCgIrl/VM17OgUIgQ==",
      "engines": {
        "node": "^12.20.0 || ^14.13.1 || >=16.0.0"
      },
      "funding": {
        "url": "https://github.com/sponsors/sindresorhus"
      }
    },
    "node_modules/playwright": {
      "version": "1.40.0",
      "resolved": "https://registry.npmjs.org/playwright/-/playwright-1.40.0.tgz",
      "integrity": "sha512-gyHAgQjiDf1m34Xpwzaqb76KgfzYrhK7iih+2IzcOCoZWr/8ZqmdBw+t0RU85ZmfJMgtgAiNtBQ/KS2325INXw==",
      "dev": true,
      "dependencies": {
        "playwright-core": "1.40.0"
      },
      "bin": {
        "playwright": "cli.js"
      },
      "engines": {
        "node": ">=16"
      },
      "optionalDependencies": {
        "fsevents": "2.3.2"
      }
    },
    "node_modules/playwright-core": {
      "version": "1.40.0",
      "resolved": "https://registry.npmjs.org/playwright-core/-/playwright-core-1.40.0.tgz",
      "integrity": "sha512-fvKewVJpGeca8t0ipM56jkVSU6Eo0RmFvQ/MaCQNDYm+sdvKkMBBWTE1FdeMqIdumRaXXjZChWHvIzCGM/tA/Q==",
      "dev": true,
      "bin": {
        "playwright-core": "cli.js"
      },
      "engines": {
        "node": ">=16"
      }
    },
    "node_modules/undici-types": {
      "version": "5.26.5",
      "resolved": "https://registry.npmjs.org/undici-types/-/undici-types-5.26.5.tgz",
      "integrity": "sha512-JlCMO+ehdEIKqlFxk6IfVoAUVmgz7cU7zD/h9XZ0qzeosSHmUJVOzSQvvYSYWXkFXC+IfLKSIffhv0sVZup6pA==",
      "dev": true
    }
  }
}
